
Microsoft Visual Studio Solution File, Format Version 12.00
# Visual Studio 2012
Project("{FAE04EC0-301F-11D3-BF4B-00C04F79EFBC}") = "<%= name %>", "Src\<%= name %>\<%= name %>.csproj", "{<%= componentProjectUUID %>}"
EndProject
Project("{FAE04EC0-301F-11D3-BF4B-00C04F79EFBC}") = "UnitTests", "Tests\UnitTests\UnitTests.csproj", "{<%= testUUID %>}"
EndProject
Global
	GlobalSection(SolutionConfigurationPlatforms) = preSolution
		Debug|Any CPU = Debug|Any CPU
		Release|Any CPU = Release|Any CPU
	EndGlobalSection
	GlobalSection(ProjectConfigurationPlatforms) = postSolution
		{<%= componentProjectUUID %>}.Debug|Any CPU.ActiveCfg = Debug|Any CPU
		{<%= componentProjectUUID %>}.Debug|Any CPU.Build.0 = Debug|Any CPU
		{<%= componentProjectUUID %>}.Release|Any CPU.ActiveCfg = Release|Any CPU
		{<%= componentProjectUUID %>}.Release|Any CPU.Build.0 = Release|Any CPU
		{<%= testUUID %>}.Debug|Any CPU.ActiveCfg = Debug|Any CPU
		{<%= testUUID %>}.Debug|Any CPU.Build.0 = Debug|Any CPU
		{<%= testUUID %>}.Release|Any CPU.ActiveCfg = Release|Any CPU
		{<%= testUUID %>}.Release|Any CPU.Build.0 = Release|Any CPU
	EndGlobalSection
	GlobalSection(SolutionProperties) = preSolution
		HideSolutionNode = FALSE
	EndGlobalSection
EndGlobal
